
Microsoft Visual Studio Solution File, Format Version 12.00
# Visual Studio Version 17
VisualStudioVersion = 17.8.34330.188
MinimumVisualStudioVersion = 10.0.40219.1
Project("{FAE04EC0-301F-11D3-BF4B-00C04F79EFBC}") = "GA_ClassMethods_MatthewVargas", "GA_ClassMethods_MatthewVargas\GA_ClassMethods_MatthewVargas.csproj", "{B71E03F0-C98F-4AD5-898F-36756751EA8A}"
EndProject
Global
	GlobalSection(SolutionConfigurationPlatforms) = preSolution
		Debug|Any CPU = Debug|Any CPU
		Release|Any CPU = Release|Any CPU
	EndGlobalSection
	GlobalSection(ProjectConfigurationPlatforms) = postSolution
		{B71E03F0-C98F-4AD5-898F-36756751EA8A}.Debug|Any CPU.ActiveCfg = Debug|Any CPU
		{B71E03F0-C98F-4AD5-898F-36756751EA8A}.Debug|Any CPU.Build.0 = Debug|Any CPU
		{B71E03F0-C98F-4AD5-898F-36756751EA8A}.Release|Any CPU.ActiveCfg = Release|Any CPU
		{B71E03F0-C98F-4AD5-898F-36756751EA8A}.Release|Any CPU.Build.0 = Release|Any CPU
	EndGlobalSection
	GlobalSection(SolutionProperties) = preSolution
		HideSolutionNode = FALSE
	EndGlobalSection
	GlobalSection(ExtensibilityGlobals) = postSolution
		SolutionGuid = {66FBC5DC-7C06-4903-95CA-2A0BD72DA975}
	EndGlobalSection
EndGlobal
